github.com/google/go-cmp v0.7.0 h1:wk8382ETsv4JYUZwIsn6YpYiWiBsYLSJiTsyBybVuN8=
github.com/iand/gedcom v0.2.18 h1:oCi6NtHKjHwkpC2R+lhdc7VoFSgm5liE8GyXbKcq29k=
github.com/iand/gedcom v0.2.18/go.mod h1:5o15vu9U+2DKzyJ/1LwyoIn29MwzyzNtsdQeFoxhDhI=
golang.org/x/text v0.36.0 h1:JfKh3XmcRPqZPKevfXVpI1wXPTqbkE5f7JA92a55Yxg=
golang.org/x/text v0.36.0/go.mod h1:NIdBknypM8iqVmPiuco0Dh6P5Jcdk8lJL0CUebqK164=
